
Microsoft Visual Studio Solution File, Format Version 12.00
# Visual Studio Version 16
VisualStudioVersion = 16.0.31105.61
MinimumVisualStudioVersion = 10.0.40219.1
Project("{9A19103F-16F7-4668-BE54-9A1E7A4F7556}") = "SpecFlowSearchEngine_report", "SpecFlowSearchEngine_report\SpecFlowSearchEngine_report.csproj", "{7C65CE01-E927-485E-A23B-74067E241B7C}"
EndProject
Global
	GlobalSection(SolutionConfigurationPlatforms) = preSolution
		Debug|Any CPU = Debug|Any CPU
		Release|Any CPU = Release|Any CPU
	EndGlobalSection
	GlobalSection(ProjectConfigurationPlatforms) = postSolution
		{7C65CE01-E927-485E-A23B-74067E241B7C}.Debug|Any CPU.ActiveCfg = Debug|Any CPU
		{7C65CE01-E927-485E-A23B-74067E241B7C}.Debug|Any CPU.Build.0 = Debug|Any CPU
		{7C65CE01-E927-485E-A23B-74067E241B7C}.Release|Any CPU.ActiveCfg = Release|Any CPU
		{7C65CE01-E927-485E-A23B-74067E241B7C}.Release|Any CPU.Build.0 = Release|Any CPU
	EndGlobalSection
	GlobalSection(SolutionProperties) = preSolution
		HideSolutionNode = FALSE
	EndGlobalSection
	GlobalSection(ExtensibilityGlobals) = postSolution
		SolutionGuid = {6BE508F3-1EFD-4191-9374-9C31DE62641E}
	EndGlobalSection
EndGlobal
